
Microsoft Visual Studio Solution File, Format Version 12.00
# Visual Studio Version 16
VisualStudioVersion = 16.0.28803.452
MinimumVisualStudioVersion = 10.0.40219.1
Project("{2150E333-8FDC-42A3-9474-1A3956D46DE8}") = "command-side", "command-side", "{55A66761-6627-4E72-B76F-D0C89AA63DD6}"
EndProject
Project("{2150E333-8FDC-42A3-9474-1A3956D46DE8}") = "query-side", "query-side", "{19E96424-6129-45B5-8E65-2168C2B51689}"
EndProject
Project("{2150E333-8FDC-42A3-9474-1A3956D46DE8}") = "shared", "shared", "{5944FD15-966B-4C25-92EC-2CD8D2208ADA}"
EndProject
Project("{9A19103F-16F7-4668-BE54-9A1E7A4F7556}") = "OrderContext.Domain", "src\shared\OrderContext.Domain\OrderContext.Domain.csproj", "{D4CAA929-AB99-4758-96D2-597738A96C64}"
EndProject
Project("{9A19103F-16F7-4668-BE54-9A1E7A4F7556}") = "OrderContext.Domain.Messages", "src\shared\OrderContext.Domain.Messages\OrderContext.Domain.Messages.csproj", "{13DD61D3-78B9-409A-B4C1-222A98B1C2D9}"
EndProject
Project("{9A19103F-16F7-4668-BE54-9A1E7A4F7556}") = "OrderContext.Application", "src\command-side\OrderContext.Application\OrderContext.Application.csproj", "{51BFA222-B94E-42BE-A980-5D73E56DFD53}"
EndProject
Project("{9A19103F-16F7-4668-BE54-9A1E7A4F7556}") = "OrderContext.Command.API", "src\command-side\OrderContext.Command.API\OrderContext.Command.API.csproj", "{20B143E2-9C5C-4248-B52D-4FA967D61551}"
EndProject
Project("{9A19103F-16F7-4668-BE54-9A1E7A4F7556}") = "OrderContext.Query.API", "src\query-side\OrderContext.Query.API\OrderContext.Query.API.csproj", "{CBD0B812-549A-472A-A05E-53AEB929816E}"
EndProject
Project("{9A19103F-16F7-4668-BE54-9A1E7A4F7556}") = "OrderContext.Integration.Events", "src\shared\OrderContext.Integration.Events\OrderContext.Integration.Events.csproj", "{EF6FA556-04FF-4F5E-A6C2-DC83CB98BD74}"
EndProject
Project("{9A19103F-16F7-4668-BE54-9A1E7A4F7556}") = "OrderContext.Projections", "src\query-side\OrderContext.Projections\OrderContext.Projections.csproj", "{9C85580E-FD28-4607-A083-1487CD3DFDF2}"
EndProject
Project("{2150E333-8FDC-42A3-9474-1A3956D46DE8}") = "backgroud-functions", "backgroud-functions", "{059A5AB6-079D-4C4D-B915-2A2EABA86AAF}"
EndProject
Project("{9A19103F-16F7-4668-BE54-9A1E7A4F7556}") = "OrderContext.Snapshotter", "src\backgroud-functions\OrderContext.Snapshotter\OrderContext.Snapshotter.csproj", "{074F9BEE-D2C4-41F6-8A12-C1C9486BE7C2}"
EndProject
Project("{9A19103F-16F7-4668-BE54-9A1E7A4F7556}") = "OrderContext.Integration.Publisher", "src\backgroud-functions\OrderContext.Integration.Publisher\OrderContext.Integration.Publisher.csproj", "{2214DDF3-6B95-4C87-86E8-8EFE26E37ED8}"
EndProject
Project("{2150E333-8FDC-42A3-9474-1A3956D46DE8}") = "tests", "tests", "{E87FA516-8ED7-48F8-8CB9-22ECBCF19B6F}"
EndProject
Project("{FAE04EC0-301F-11D3-BF4B-00C04F79EFBC}") = "OrderContext.Domain.Tests", "test\OrderContext.Domain.Tests\OrderContext.Domain.Tests.csproj", "{B6A934D9-DCC4-4655-8CAC-92B7A69EF244}"
EndProject
Project("{FAE04EC0-301F-11D3-BF4B-00C04F79EFBC}") = "OrderContext.Integration.Tests", "test\OrderContext.Integration.Tests\OrderContext.Integration.Tests.csproj", "{1EE52740-375C-4883-ABE1-82FD7E6FFBBE}"
EndProject
Global
	GlobalSection(SolutionConfigurationPlatforms) = preSolution
		Debug|Any CPU = Debug|Any CPU
		Release|Any CPU = Release|Any CPU
	EndGlobalSection
	GlobalSection(ProjectConfigurationPlatforms) = postSolution
		{D4CAA929-AB99-4758-96D2-597738A96C64}.Debug|Any CPU.ActiveCfg = Debug|Any CPU
		{D4CAA929-AB99-4758-96D2-597738A96C64}.Debug|Any CPU.Build.0 = Debug|Any CPU
		{D4CAA929-AB99-4758-96D2-597738A96C64}.Release|Any CPU.ActiveCfg = Release|Any CPU
		{D4CAA929-AB99-4758-96D2-597738A96C64}.Release|Any CPU.Build.0 = Release|Any CPU
		{13DD61D3-78B9-409A-B4C1-222A98B1C2D9}.Debug|Any CPU.ActiveCfg = Debug|Any CPU
		{13DD61D3-78B9-409A-B4C1-222A98B1C2D9}.Debug|Any CPU.Build.0 = Debug|Any CPU
		{13DD61D3-78B9-409A-B4C1-222A98B1C2D9}.Release|Any CPU.ActiveCfg = Release|Any CPU
		{13DD61D3-78B9-409A-B4C1-222A98B1C2D9}.Release|Any CPU.Build.0 = Release|Any CPU
		{51BFA222-B94E-42BE-A980-5D73E56DFD53}.Debug|Any CPU.ActiveCfg = Debug|Any CPU
		{51BFA222-B94E-42BE-A980-5D73E56DFD53}.Debug|Any CPU.Build.0 = Debug|Any CPU
		{51BFA222-B94E-42BE-A980-5D73E56DFD53}.Release|Any CPU.ActiveCfg = Release|Any CPU
		{51BFA222-B94E-42BE-A980-5D73E56DFD53}.Release|Any CPU.Build.0 = Release|Any CPU
		{20B143E2-9C5C-4248-B52D-4FA967D61551}.Debug|Any CPU.ActiveCfg = Debug|Any CPU
		{20B143E2-9C5C-4248-B52D-4FA967D61551}.Debug|Any CPU.Build.0 = Debug|Any CPU
		{20B143E2-9C5C-4248-B52D-4FA967D61551}.Release|Any CPU.ActiveCfg = Release|Any CPU
		{20B143E2-9C5C-4248-B52D-4FA967D61551}.Release|Any CPU.Build.0 = Release|Any CPU
		{CBD0B812-549A-472A-A05E-53AEB929816E}.Debug|Any CPU.ActiveCfg = Debug|Any CPU
		{CBD0B812-549A-472A-A05E-53AEB929816E}.Debug|Any CPU.Build.0 = Debug|Any CPU
		{CBD0B812-549A-472A-A05E-53AEB929816E}.Release|Any CPU.ActiveCfg = Release|Any CPU
		{CBD0B812-549A-472A-A05E-53AEB929816E}.Release|Any CPU.Build.0 = Release|Any CPU
		{EF6FA556-04FF-4F5E-A6C2-DC83CB98BD74}.Debug|Any CPU.ActiveCfg = Debug|Any CPU
		{EF6FA556-04FF-4F5E-A6C2-DC83CB98BD74}.Debug|Any CPU.Build.0 = Debug|Any CPU
		{EF6FA556-04FF-4F5E-A6C2-DC83CB98BD74}.Release|Any CPU.ActiveCfg = Release|Any CPU
		{EF6FA556-04FF-4F5E-A6C2-DC83CB98BD74}.Release|Any CPU.Build.0 = Release|Any CPU
		{9C85580E-FD28-4607-A083-1487CD3DFDF2}.Debug|Any CPU.ActiveCfg = Debug|Any CPU
		{9C85580E-FD28-4607-A083-1487CD3DFDF2}.Debug|Any CPU.Build.0 = Debug|Any CPU
		{9C85580E-FD28-4607-A083-1487CD3DFDF2}.Release|Any CPU.ActiveCfg = Release|Any CPU
		{9C85580E-FD28-4607-A083-1487CD3DFDF2}.Release|Any CPU.Build.0 = Release|Any CPU
		{074F9BEE-D2C4-41F6-8A12-C1C9486BE7C2}.Debug|Any CPU.ActiveCfg = Debug|Any CPU
		{074F9BEE-D2C4-41F6-8A12-C1C9486BE7C2}.Debug|Any CPU.Build.0 = Debug|Any CPU
		{074F9BEE-D2C4-41F6-8A12-C1C9486BE7C2}.Release|Any CPU.ActiveCfg = Release|Any CPU
		{074F9BEE-D2C4-41F6-8A12-C1C9486BE7C2}.Release|Any CPU.Build.0 = Release|Any CPU
		{2214DDF3-6B95-4C87-86E8-8EFE26E37ED8}.Debug|Any CPU.ActiveCfg = Debug|Any CPU
		{2214DDF3-6B95-4C87-86E8-8EFE26E37ED8}.Debug|Any CPU.Build.0 = Debug|Any CPU
		{2214DDF3-6B95-4C87-86E8-8EFE26E37ED8}.Release|Any CPU.ActiveCfg = Release|Any CPU
		{2214DDF3-6B95-4C87-86E8-8EFE26E37ED8}.Release|Any CPU.Build.0 = Release|Any CPU
		{B6A934D9-DCC4-4655-8CAC-92B7A69EF244}.Debug|Any CPU.ActiveCfg = Debug|Any CPU
		{B6A934D9-DCC4-4655-8CAC-92B7A69EF244}.Debug|Any CPU.Build.0 = Debug|Any CPU
		{B6A934D9-DCC4-4655-8CAC-92B7A69EF244}.Release|Any CPU.ActiveCfg = Release|Any CPU
		{B6A934D9-DCC4-4655-8CAC-92B7A69EF244}.Release|Any CPU.Build.0 = Release|Any CPU
		{1EE52740-375C-4883-ABE1-82FD7E6FFBBE}.Debug|Any CPU.ActiveCfg = Debug|Any CPU
		{1EE52740-375C-4883-ABE1-82FD7E6FFBBE}.Debug|Any CPU.Build.0 = Debug|Any CPU
		{1EE52740-375C-4883-ABE1-82FD7E6FFBBE}.Release|Any CPU.ActiveCfg = Release|Any CPU
		{1EE52740-375C-4883-ABE1-82FD7E6FFBBE}.Release|Any CPU.Build.0 = Release|Any CPU
	EndGlobalSection
	GlobalSection(SolutionProperties) = preSolution
		HideSolutionNode = FALSE
	EndGlobalSection
	GlobalSection(NestedProjects) = preSolution
		{D4CAA929-AB99-4758-96D2-597738A96C64} = {5944FD15-966B-4C25-92EC-2CD8D2208ADA}
		{13DD61D3-78B9-409A-B4C1-222A98B1C2D9} = {5944FD15-966B-4C25-92EC-2CD8D2208ADA}
		{51BFA222-B94E-42BE-A980-5D73E56DFD53} = {55A66761-6627-4E72-B76F-D0C89AA63DD6}
		{20B143E2-9C5C-4248-B52D-4FA967D61551} = {55A66761-6627-4E72-B76F-D0C89AA63DD6}
		{CBD0B812-549A-472A-A05E-53AEB929816E} = {19E96424-6129-45B5-8E65-2168C2B51689}
		{EF6FA556-04FF-4F5E-A6C2-DC83CB98BD74} = {5944FD15-966B-4C25-92EC-2CD8D2208ADA}
		{9C85580E-FD28-4607-A083-1487CD3DFDF2} = {19E96424-6129-45B5-8E65-2168C2B51689}
		{074F9BEE-D2C4-41F6-8A12-C1C9486BE7C2} = {059A5AB6-079D-4C4D-B915-2A2EABA86AAF}
		{2214DDF3-6B95-4C87-86E8-8EFE26E37ED8} = {059A5AB6-079D-4C4D-B915-2A2EABA86AAF}
		{B6A934D9-DCC4-4655-8CAC-92B7A69EF244} = {E87FA516-8ED7-48F8-8CB9-22ECBCF19B6F}
		{1EE52740-375C-4883-ABE1-82FD7E6FFBBE} = {E87FA516-8ED7-48F8-8CB9-22ECBCF19B6F}
	EndGlobalSection
	GlobalSection(ExtensibilityGlobals) = postSolution
		SolutionGuid = {2247A9CD-08D7-475F-99C0-2E3541053354}
	EndGlobalSection
EndGlobal
